
Microsoft Visual Studio Solution File, Format Version 12.00
# Visual Studio Version 17
VisualStudioVersion = 17.4.33213.308
MinimumVisualStudioVersion = 10.0.40219.1
Project("{9A19103F-16F7-4668-BE54-9A1E7A4F7556}") = "Ex1", "Ex1\Ex1.csproj", "{3AC635D6-5739-445B-8954-44B86CAFA283}"
EndProject
Project("{9A19103F-16F7-4668-BE54-9A1E7A4F7556}") = "ClientTest", "ClientTest\ClientTest.csproj", "{19F5A012-6592-4F4E-9A95-1CB8CCA72434}"
EndProject
Project("{9A19103F-16F7-4668-BE54-9A1E7A4F7556}") = "Ex1Client", "Ex1Client\Ex1Client.csproj", "{55A9F844-5DDA-406F-91EF-E87C1CCA3613}"
EndProject
Project("{FAE04EC0-301F-11D3-BF4B-00C04F79EFBC}") = "Ex2Client", "Ex2Client\Ex2Client.csproj", "{1F954B67-BDBC-42A2-9A9F-CA8480447422}"
EndProject
Global
	GlobalSection(SolutionConfigurationPlatforms) = preSolution
		Debug|Any CPU = Debug|Any CPU
		Release|Any CPU = Release|Any CPU
	EndGlobalSection
	GlobalSection(ProjectConfigurationPlatforms) = postSolution
		{3AC635D6-5739-445B-8954-44B86CAFA283}.Debug|Any CPU.ActiveCfg = Debug|Any CPU
		{3AC635D6-5739-445B-8954-44B86CAFA283}.Debug|Any CPU.Build.0 = Debug|Any CPU
		{3AC635D6-5739-445B-8954-44B86CAFA283}.Release|Any CPU.ActiveCfg = Release|Any CPU
		{3AC635D6-5739-445B-8954-44B86CAFA283}.Release|Any CPU.Build.0 = Release|Any CPU
		{19F5A012-6592-4F4E-9A95-1CB8CCA72434}.Debug|Any CPU.ActiveCfg = Debug|Any CPU
		{19F5A012-6592-4F4E-9A95-1CB8CCA72434}.Debug|Any CPU.Build.0 = Debug|Any CPU
		{19F5A012-6592-4F4E-9A95-1CB8CCA72434}.Release|Any CPU.ActiveCfg = Release|Any CPU
		{19F5A012-6592-4F4E-9A95-1CB8CCA72434}.Release|Any CPU.Build.0 = Release|Any CPU
		{55A9F844-5DDA-406F-91EF-E87C1CCA3613}.Debug|Any CPU.ActiveCfg = Debug|Any CPU
		{55A9F844-5DDA-406F-91EF-E87C1CCA3613}.Debug|Any CPU.Build.0 = Debug|Any CPU
		{55A9F844-5DDA-406F-91EF-E87C1CCA3613}.Release|Any CPU.ActiveCfg = Release|Any CPU
		{55A9F844-5DDA-406F-91EF-E87C1CCA3613}.Release|Any CPU.Build.0 = Release|Any CPU
		{1F954B67-BDBC-42A2-9A9F-CA8480447422}.Debug|Any CPU.ActiveCfg = Debug|Any CPU
		{1F954B67-BDBC-42A2-9A9F-CA8480447422}.Debug|Any CPU.Build.0 = Debug|Any CPU
		{1F954B67-BDBC-42A2-9A9F-CA8480447422}.Release|Any CPU.ActiveCfg = Release|Any CPU
		{1F954B67-BDBC-42A2-9A9F-CA8480447422}.Release|Any CPU.Build.0 = Release|Any CPU
	EndGlobalSection
	GlobalSection(SolutionProperties) = preSolution
		HideSolutionNode = FALSE
	EndGlobalSection
	GlobalSection(ExtensibilityGlobals) = postSolution
		SolutionGuid = {4DD4B522-DAED-4E12-9AFC-878C841F3CCA}
	EndGlobalSection
EndGlobal
